
Microsoft Visual Studio Solution File, Format Version 12.00
# Visual Studio Version 17
VisualStudioVersion = 17.14.36414.22 d17.14
MinimumVisualStudioVersion = 10.0.40219.1
Project("{FAE04EC0-301F-11D3-BF4B-00C04F79EFBC}") = "Ariketa6", "Ariketa6.csproj", "{C043C988-611B-47BF-93AA-5D087E8F9F16}"
EndProject
Global
	GlobalSection(SolutionConfigurationPlatforms) = preSolution
		Debug|Any CPU = Debug|Any CPU
		Release|Any CPU = Release|Any CPU
	EndGlobalSection
	GlobalSection(ProjectConfigurationPlatforms) = postSolution
		{C043C988-611B-47BF-93AA-5D087E8F9F16}.Debug|Any CPU.ActiveCfg = Debug|Any CPU
		{C043C988-611B-47BF-93AA-5D087E8F9F16}.Debug|Any CPU.Build.0 = Debug|Any CPU
		{C043C988-611B-47BF-93AA-5D087E8F9F16}.Release|Any CPU.ActiveCfg = Release|Any CPU
		{C043C988-611B-47BF-93AA-5D087E8F9F16}.Release|Any CPU.Build.0 = Release|Any CPU
	EndGlobalSection
	GlobalSection(SolutionProperties) = preSolution
		HideSolutionNode = FALSE
	EndGlobalSection
	GlobalSection(ExtensibilityGlobals) = postSolution
		SolutionGuid = {E01287F6-6B36-4FD1-83A9-FB009B08DAF7}
	EndGlobalSection
EndGlobal
